
Microsoft Visual Studio Solution File, Format Version 12.00
# Visual Studio 15
VisualStudioVersion = 15.0.28307.168
MinimumVisualStudioVersion = 10.0.40219.1
Project("{FAE04EC0-301F-11D3-BF4B-00C04F79EFBC}") = "WebApplication4", "WebApplication4\WebApplication4.csproj", "{AB215784-7818-4F4E-8344-F6A7744ECB8E}"
EndProject
Project("{9A19103F-16F7-4668-BE54-9A1E7A4F7556}") = "Dominio", "Dominio\Dominio.csproj", "{2C2CD2E4-208D-41F8-9A76-1CAC5015BADA}"
EndProject
Global
	GlobalSection(SolutionConfigurationPlatforms) = preSolution
		Debug|Any CPU = Debug|Any CPU
		Release|Any CPU = Release|Any CPU
	EndGlobalSection
	GlobalSection(ProjectConfigurationPlatforms) = postSolution
		{AB215784-7818-4F4E-8344-F6A7744ECB8E}.Debug|Any CPU.ActiveCfg = Debug|Any CPU
		{AB215784-7818-4F4E-8344-F6A7744ECB8E}.Debug|Any CPU.Build.0 = Debug|Any CPU
		{AB215784-7818-4F4E-8344-F6A7744ECB8E}.Release|Any CPU.ActiveCfg = Release|Any CPU
		{AB215784-7818-4F4E-8344-F6A7744ECB8E}.Release|Any CPU.Build.0 = Release|Any CPU
		{2C2CD2E4-208D-41F8-9A76-1CAC5015BADA}.Debug|Any CPU.ActiveCfg = Debug|Any CPU
		{2C2CD2E4-208D-41F8-9A76-1CAC5015BADA}.Debug|Any CPU.Build.0 = Debug|Any CPU
		{2C2CD2E4-208D-41F8-9A76-1CAC5015BADA}.Release|Any CPU.ActiveCfg = Release|Any CPU
		{2C2CD2E4-208D-41F8-9A76-1CAC5015BADA}.Release|Any CPU.Build.0 = Release|Any CPU
	EndGlobalSection
	GlobalSection(SolutionProperties) = preSolution
		HideSolutionNode = FALSE
	EndGlobalSection
	GlobalSection(ExtensibilityGlobals) = postSolution
		SolutionGuid = {C6368DB2-E81E-427C-BB49-2D69448392E8}
	EndGlobalSection
EndGlobal
