
Microsoft Visual Studio Solution File, Format Version 12.00
# Visual Studio 15
VisualStudioVersion = 15.0.28307.168
MinimumVisualStudioVersion = 10.0.40219.1
Project("{FAE04EC0-301F-11D3-BF4B-00C04F79EFBC}") = "LocacaoEquipamentos.Dominio", "LocacaoEquipamentos.Dominio\LocacaoEquipamentos.Dominio.csproj", "{50AC1052-6530-434D-AB2D-37A1DFA526F2}"
EndProject
Global
	GlobalSection(SolutionConfigurationPlatforms) = preSolution
		Debug|Any CPU = Debug|Any CPU
		Release|Any CPU = Release|Any CPU
	EndGlobalSection
	GlobalSection(ProjectConfigurationPlatforms) = postSolution
		{50AC1052-6530-434D-AB2D-37A1DFA526F2}.Debug|Any CPU.ActiveCfg = Debug|Any CPU
		{50AC1052-6530-434D-AB2D-37A1DFA526F2}.Debug|Any CPU.Build.0 = Debug|Any CPU
		{50AC1052-6530-434D-AB2D-37A1DFA526F2}.Release|Any CPU.ActiveCfg = Release|Any CPU
		{50AC1052-6530-434D-AB2D-37A1DFA526F2}.Release|Any CPU.Build.0 = Release|Any CPU
	EndGlobalSection
	GlobalSection(SolutionProperties) = preSolution
		HideSolutionNode = FALSE
	EndGlobalSection
	GlobalSection(ExtensibilityGlobals) = postSolution
		SolutionGuid = {FEBADD54-A09D-402F-A8F1-275BB0CB5A0B}
	EndGlobalSection
EndGlobal
